// !$*UTF8*$!
{
	archiveVersion = 1;
	classes = {
	};
	objectVersion = 50;
	objects = {

/* Begin PBXBuildFile section */
		BA38791276A59DCAB63325DF /* Pods_CodingChallange.framework in Frameworks */ = {isa = PBXBuildFile; fileRef = 95843971F262C23F35FB6D8A /* Pods_CodingChallange.framework */; };
		FEA129EF20C8D29B00F4CBF3 /* AppDelegate.swift in Sources */ = {isa = PBXBuildFile; fileRef = FEA129EE20C8D29B00F4CBF3 /* AppDelegate.swift */; };
		FEA129F120C8D29B00F4CBF3 /* ViewController.swift in Sources */ = {isa = PBXBuildFile; fileRef = FEA129F020C8D29B00F4CBF3 /* ViewController.swift */; };
		FEA129F420C8D29B00F4CBF3 /* Main.storyboard in Resources */ = {isa = PBXBuildFile; fileRef = FEA129F220C8D29B00F4CBF3 /* Main.storyboard */; };
		FEA129F620C8D29E00F4CBF3 /* Assets.xcassets in Resources */ = {isa = PBXBuildFile; fileRef = FEA129F520C8D29E00F4CBF3 /* Assets.xcassets */; };
		FEA129F920C8D29E00F4CBF3 /* LaunchScreen.storyboard in Resources */ = {isa = PBXBuildFile; fileRef = FEA129F720C8D29E00F4CBF3 /* LaunchScreen.storyboard */; };
		FEA12A0420C8D39900F4CBF3 /* AutoSuggestTableView.swift in Sources */ = {isa = PBXBuildFile; fileRef = FEA12A0320C8D39900F4CBF3 /* AutoSuggestTableView.swift */; };
		FEA12A0620C8D3E900F4CBF3 /* Constants.swift in Sources */ = {isa = PBXBuildFile; fileRef = FEA12A0520C8D3E900F4CBF3 /* Constants.swift */; };
		FEB2DAA820C8D8F600507EF0 /* SearchBarTableViewCell.swift in Sources */ = {isa = PBXBuildFile; fileRef = FEB2DAA720C8D8F600507EF0 /* SearchBarTableViewCell.swift */; };
		FED99EC320C8E41100FF8BB6 /* ImageCollectionViewCell.swift in Sources */ = {isa = PBXBuildFile; fileRef = FED99EC220C8E41100FF8BB6 /* ImageCollectionViewCell.swift */; };
/* End PBXBuildFile section */

/* Begin PBXFileReference section */
		20F4F57CC1BECE16E2215FFB /* Pods-CodingChallange.release.xcconfig */ = {isa = PBXFileReference; includeInIndex = 1; lastKnownFileType = text.xcconfig; name = "Pods-CodingChallange.release.xcconfig"; path = "Pods/Target Support Files/Pods-CodingChallange/Pods-CodingChallange.release.xcconfig"; sourceTree = "<group>"; };
		95843971F262C23F35FB6D8A /* Pods_CodingChallange.framework */ = {isa = PBXFileReference; explicitFileType = wrapper.framework; includeInIndex = 0; path = Pods_CodingChallange.framework; sourceTree = BUILT_PRODUCTS_DIR; };
		AFC3C74AFB23373C4FD3A205 /* Pods-CodingChallange.debug.xcconfig */ = {isa = PBXFileReference; includeInIndex = 1; lastKnownFileType = text.xcconfig; name = "Pods-CodingChallange.debug.xcconfig"; path = "Pods/Target Support Files/Pods-CodingChallange/Pods-CodingChallange.debug.xcconfig"; sourceTree = "<group>"; };
		FEA129EB20C8D29B00F4CBF3 /* CodingChallange.app */ = {isa = PBXFileReference; explicitFileType = wrapper.application; includeInIndex = 0; path = CodingChallange.app; sourceTree = BUILT_PRODUCTS_DIR; };
		FEA129EE20C8D29B00F4CBF3 /* AppDelegate.swift */ = {isa = PBXFileReference; lastKnownFileType = sourcecode.swift; path = AppDelegate.swift; sourceTree = "<group>"; };
		FEA129F020C8D29B00F4CBF3 /* ViewController.swift */ = {isa = PBXFileReference; lastKnownFileType = sourcecode.swift; path = ViewController.swift; sourceTree = "<group>"; };
		FEA129F320C8D29B00F4CBF3 /* Base */ = {isa = PBXFileReference; lastKnownFileType = file.storyboard; name = Base; path = Base.lproj/Main.storyboard; sourceTree = "<group>"; };
		FEA129F520C8D29E00F4CBF3 /* Assets.xcassets */ = {isa = PBXFileReference; lastKnownFileType = folder.assetcatalog; path = Assets.xcassets; sourceTree = "<group>"; };
		FEA129F820C8D29E00F4CBF3 /* Base */ = {isa = PBXFileReference; lastKnownFileType = file.storyboard; name = Base; path = Base.lproj/LaunchScreen.storyboard; sourceTree = "<group>"; };
		FEA129FA20C8D29E00F4CBF3 /* Info.plist */ = {isa = PBXFileReference; lastKnownFileType = text.plist.xml; path = Info.plist; sourceTree = "<group>"; };
		FEA12A0320C8D39900F4CBF3 /* AutoSuggestTableView.swift */ = {isa = PBXFileReference; lastKnownFileType = sourcecode.swift; path = AutoSuggestTableView.swift; sourceTree = "<group>"; };
		FEA12A0520C8D3E900F4CBF3 /* Constants.swift */ = {isa = PBXFileReference; lastKnownFileType = sourcecode.swift; path = Constants.swift; sourceTree = "<group>"; };
		FEB2DAA720C8D8F600507EF0 /* SearchBarTableViewCell.swift */ = {isa = PBXFileReference; lastKnownFileType = sourcecode.swift; path = SearchBarTableViewCell.swift; sourceTree = "<group>"; };
		FED99EC220C8E41100FF8BB6 /* ImageCollectionViewCell.swift */ = {isa = PBXFileReference; lastKnownFileType = sourcecode.swift; path = ImageCollectionViewCell.swift; sourceTree = "<group>"; };
/* End PBXFileReference section */

/* Begin PBXFrameworksBuildPhase section */
		FEA129E820C8D29B00F4CBF3 /* Frameworks */ = {
			isa = PBXFrameworksBuildPhase;
			buildActionMask = 2147483647;
			files = (
				BA38791276A59DCAB63325DF /* Pods_CodingChallange.framework in Frameworks */,
			);
			runOnlyForDeploymentPostprocessing = 0;
		};
/* End PBXFrameworksBuildPhase section */

/* Begin PBXGroup section */
		B7AD1F2A9FACE1C9A384B04F /* Pods */ = {
			isa = PBXGroup;
			children = (
				AFC3C74AFB23373C4FD3A205 /* Pods-CodingChallange.debug.xcconfig */,
				20F4F57CC1BECE16E2215FFB /* Pods-CodingChallange.release.xcconfig */,
			);
			name = Pods;
			sourceTree = "<group>";
		};
		FA39BD7AB185FF7A9FC15C22 /* Frameworks */ = {
			isa = PBXGroup;
			children = (
				95843971F262C23F35FB6D8A /* Pods_CodingChallange.framework */,
			);
			name = Frameworks;
			sourceTree = "<group>";
		};
		FEA129E220C8D29B00F4CBF3 = {
			isa = PBXGroup;
			children = (
				FEA12A0220C8D36D00F4CBF3 /* Custom */,
				FEA129ED20C8D29B00F4CBF3 /* CodingChallange */,
				FEA129EC20C8D29B00F4CBF3 /* Products */,
				B7AD1F2A9FACE1C9A384B04F /* Pods */,
				FA39BD7AB185FF7A9FC15C22 /* Frameworks */,
			);
			sourceTree = "<group>";
		};
		FEA129EC20C8D29B00F4CBF3 /* Products */ = {
			isa = PBXGroup;
			children = (
				FEA129EB20C8D29B00F4CBF3 /* CodingChallange.app */,
			);
			name = Products;
			sourceTree = "<group>";
		};
		FEA129ED20C8D29B00F4CBF3 /* CodingChallange */ = {
			isa = PBXGroup;
			children = (
				FEA129EE20C8D29B00F4CBF3 /* AppDelegate.swift */,
				FEA129F020C8D29B00F4CBF3 /* ViewController.swift */,
				FEB2DAA720C8D8F600507EF0 /* SearchBarTableViewCell.swift */,
				FED99EC220C8E41100FF8BB6 /* ImageCollectionViewCell.swift */,
				FEA129F220C8D29B00F4CBF3 /* Main.storyboard */,
				FEA129F520C8D29E00F4CBF3 /* Assets.xcassets */,
				FEA129F720C8D29E00F4CBF3 /* LaunchScreen.storyboard */,
				FEA129FA20C8D29E00F4CBF3 /* Info.plist */,
			);
			path = CodingChallange;
			sourceTree = "<group>";
		};
		FEA12A0220C8D36D00F4CBF3 /* Custom */ = {
			isa = PBXGroup;
			children = (
				FEA12A0320C8D39900F4CBF3 /* AutoSuggestTableView.swift */,
				FEA12A0520C8D3E900F4CBF3 /* Constants.swift */,
			);
			path = Custom;
			sourceTree = "<group>";
		};
/* End PBXGroup section */

/* Begin PBXNativeTarget section */
		FEA129EA20C8D29B00F4CBF3 /* CodingChallange */ = {
			isa = PBXNativeTarget;
			buildConfigurationList = FEA129FD20C8D29E00F4CBF3 /* Build configuration list for PBXNativeTarget "CodingChallange" */;
			buildPhases = (
				AAAB9A563CA9D50F4B1E71F3 /* [CP] Check Pods Manifest.lock */,
				FEA129E720C8D29B00F4CBF3 /* Sources */,
				FEA129E820C8D29B00F4CBF3 /* Frameworks */,
				FEA129E920C8D29B00F4CBF3 /* Resources */,
			);
			buildRules = (
			);
			dependencies = (
			);
			name = CodingChallange;
			productName = CodingChallange;
			productReference = FEA129EB20C8D29B00F4CBF3 /* CodingChallange.app */;
			productType = "com.apple.product-type.application";
		};
/* End PBXNativeTarget section */

/* Begin PBXProject section */
		FEA129E320C8D29B00F4CBF3 /* Project object */ = {
			isa = PBXProject;
			attributes = {
				LastSwiftUpdateCheck = 0930;
				LastUpgradeCheck = 0930;
				ORGANIZATIONNAME = "Chan Mun Yee";
				TargetAttributes = {
					FEA129EA20C8D29B00F4CBF3 = {
						CreatedOnToolsVersion = 9.3;
					};
				};
			};
			buildConfigurationList = FEA129E620C8D29B00F4CBF3 /* Build configuration list for PBXProject "CodingChallange" */;
			compatibilityVersion = "Xcode 9.3";
			developmentRegion = en;
			hasScannedForEncodings = 0;
			knownRegions = (
				en,
				Base,
			);
			mainGroup = FEA129E220C8D29B00F4CBF3;
			productRefGroup = FEA129EC20C8D29B00F4CBF3 /* Products */;
			projectDirPath = "";
			projectRoot = "";
			targets = (
				FEA129EA20C8D29B00F4CBF3 /* CodingChallange */,
			);
		};
/* End PBXProject section */

/* Begin PBXResourcesBuildPhase section */
		FEA129E920C8D29B00F4CBF3 /* Resources */ = {
			isa = PBXResourcesBuildPhase;
			buildActionMask = 2147483647;
			files = (
				FEA129F920C8D29E00F4CBF3 /* LaunchScreen.storyboard in Resources */,
				FEA129F620C8D29E00F4CBF3 /* Assets.xcassets in Resources */,
				FEA129F420C8D29B00F4CBF3 /* Main.storyboard in Resources */,
			);
			runOnlyForDeploymentPostprocessing = 0;
		};
/* End PBXResourcesBuildPhase section */

/* Begin PBXShellScriptBuildPhase section */
		AAAB9A563CA9D50F4B1E71F3 /* [CP] Check Pods Manifest.lock */ = {
			isa = PBXShellScriptBuildPhase;
			buildActionMask = 2147483647;
			files = (
			);
			inputPaths = (
				"${PODS_PODFILE_DIR_PATH}/Podfile.lock",
				"${PODS_ROOT}/Manifest.lock",
			);
			name = "[CP] Check Pods Manifest.lock";
			outputPaths = (
				"$(DERIVED_FILE_DIR)/Pods-CodingChallange-checkManifestLockResult.txt",
			);
			runOnlyForDeploymentPostprocessing = 0;
			shellPath = /bin/sh;
			shellScript = "diff \"${PODS_PODFILE_DIR_PATH}/Podfile.lock\" \"${PODS_ROOT}/Manifest.lock\" > /dev/null\nif [ $? != 0 ] ; then\n    # print error to STDERR\n    echo \"error: The sandbox is not in sync with the Podfile.lock. Run 'pod install' or update your CocoaPods installation.\" >&2\n    exit 1\nfi\n# This output is used by Xcode 'outputs' to avoid re-running this script phase.\necho \"SUCCESS\" > \"${SCRIPT_OUTPUT_FILE_0}\"\n";
			showEnvVarsInLog = 0;
		};
/* End PBXShellScriptBuildPhase section */

/* Begin PBXSourcesBuildPhase section */
		FEA129E720C8D29B00F4CBF3 /* Sources */ = {
			isa = PBXSourcesBuildPhase;
			buildActionMask = 2147483647;
			files = (
				FED99EC320C8E41100FF8BB6 /* ImageCollectionViewCell.swift in Sources */,
				FEA129F120C8D29B00F4CBF3 /* ViewController.swift in Sources */,
				FEA129EF20C8D29B00F4CBF3 /* AppDelegate.swift in Sources */,
				FEA12A0420C8D39900F4CBF3 /* AutoSuggestTableView.swift in Sources */,
				FEA12A0620C8D3E900F4CBF3 /* Constants.swift in Sources */,
				FEB2DAA820C8D8F600507EF0 /* SearchBarTableViewCell.swift in Sources */,
			);
			runOnlyForDeploymentPostprocessing = 0;
		};
/* End PBXSourcesBuildPhase section */

/* Begin PBXVariantGroup section */
		FEA129F220C8D29B00F4CBF3 /* Main.storyboard */ = {
			isa = PBXVariantGroup;
			children = (
				FEA129F320C8D29B00F4CBF3 /* Base */,
			);
			name = Main.storyboard;
			sourceTree = "<group>";
		};
		FEA129F720C8D29E00F4CBF3 /* LaunchScreen.storyboard */ = {
			isa = PBXVariantGroup;
			children = (
				FEA129F820C8D29E00F4CBF3 /* Base */,
			);
			name = LaunchScreen.storyboard;
			sourceTree = "<group>";
		};
/* End PBXVariantGroup section */

/* Begin XCBuildConfiguration section */
		FEA129FB20C8D29E00F4CBF3 /* Debug */ = {
			isa = XCBuildConfiguration;
			buildSettings = {
				ALWAYS_SEARCH_USER_PATHS = NO;
				CLANG_ANALYZER_NONNULL = YES;
				CLANG_ANALYZER_NUMBER_OBJECT_CONVERSION = YES_AGGRESSIVE;
				CLANG_CXX_LANGUAGE_STANDARD = "gnu++14";
				CLANG_CXX_LIBRARY = "libc++";
				CLANG_ENABLE_MODULES = YES;
				CLANG_ENABLE_OBJC_ARC = YES;
				CLANG_ENABLE_OBJC_WEAK = YES;
				CLANG_WARN_BLOCK_CAPTURE_AUTORELEASING = YES;
				CLANG_WARN_BOOL_CONVERSION = YES;
				CLANG_WARN_COMMA = YES;
				CLANG_WARN_CONSTANT_CONVERSION = YES;
				CLANG_WARN_DEPRECATED_OBJC_IMPLEMENTATIONS = YES;
				CLANG_WARN_DIRECT_OBJC_ISA_USAGE = YES_ERROR;
				CLANG_WARN_DOCUMENTATION_COMMENTS = YES;
				CLANG_WARN_EMPTY_BODY = YES;
				CLANG_WARN_ENUM_CONVERSION = YES;
				CLANG_WARN_INFINITE_RECURSION = YES;
				CLANG_WARN_INT_CONVERSION = YES;
				CLANG_WARN_NON_LITERAL_NULL_CONVERSION = YES;
				CLANG_WARN_OBJC_IMPLICIT_RETAIN_SELF = YES;
				CLANG_WARN_OBJC_LITERAL_CONVERSION = YES;
				CLANG_WARN_OBJC_ROOT_CLASS = YES_ERROR;
				CLANG_WARN_RANGE_LOOP_ANALYSIS = YES;
				CLANG_WARN_STRICT_PROTOTYPES = YES;
				CLANG_WARN_SUSPICIOUS_MOVE = YES;
				CLANG_WARN_UNGUARDED_AVAILABILITY = YES_AGGRESSIVE;
				CLANG_WARN_UNREACHABLE_CODE = YES;
				CLANG_WARN__DUPLICATE_METHOD_MATCH = YES;
				CODE_SIGN_IDENTITY = "iPhone Developer";
				COPY_PHASE_STRIP = NO;
				DEBUG_INFORMATION_FORMAT = dwarf;
				ENABLE_STRICT_OBJC_MSGSEND = YES;
				ENABLE_TESTABILITY = YES;
				GCC_C_LANGUAGE_STANDARD = gnu11;
				GCC_DYNAMIC_NO_PIC = NO;
				GCC_NO_COMMON_BLOCKS = YES;
				GCC_OPTIMIZATION_LEVEL = 0;
				GCC_PREPROCESSOR_DEFINITIONS = (
					"DEBUG=1",
					"$(inherited)",
				);
				GCC_WARN_64_TO_32_BIT_CONVERSION = YES;
				GCC_WARN_ABOUT_RETURN_TYPE = YES_ERROR;
				GCC_WARN_UNDECLARED_SELECTOR = YES;
				GCC_WARN_UNINITIALIZED_AUTOS = YES_AGGRESSIVE;
				GCC_WARN_UNUSED_FUNCTION = YES;
				GCC_WARN_UNUSED_VARIABLE = YES;
				IPHONEOS_DEPLOYMENT_TARGET = 11.3;
				MTL_ENABLE_DEBUG_INFO = YES;
				ONLY_ACTIVE_ARCH = YES;
				SDKROOT = iphoneos;
				SWIFT_ACTIVE_COMPILATION_CONDITIONS = DEBUG;
				SWIFT_OPTIMIZATION_LEVEL = "-Onone";
			};
			name = Debug;
		};
		FEA129FC20C8D29E00F4CBF3 /* Release */ = {
			isa = XCBuildConfiguration;
			buildSettings = {
				ALWAYS_SEARCH_USER_PATHS = NO;
				CLANG_ANALYZER_NONNULL = YES;
				CLANG_ANALYZER_NUMBER_OBJECT_CONVERSION = YES_AGGRESSIVE;
				CLANG_CXX_LANGUAGE_STANDARD = "gnu++14";
				CLANG_CXX_LIBRARY = "libc++";
				CLANG_ENABLE_MODULES = YES;
				CLANG_ENABLE_OBJC_ARC = YES;
				CLANG_ENABLE_OBJC_WEAK = YES;
				CLANG_WARN_BLOCK_CAPTURE_AUTORELEASING = YES;
				CLANG_WARN_BOOL_CONVERSION = YES;
				CLANG_WARN_COMMA = YES;
				CLANG_WARN_CONSTANT_CONVERSION = YES;
				CLANG_WARN_DEPRECATED_OBJC_IMPLEMENTATIONS = YES;
				CLANG_WARN_DIRECT_OBJC_ISA_USAGE = YES_ERROR;
				CLANG_WARN_DOCUMENTATION_COMMENTS = YES;
				CLANG_WARN_EMPTY_BODY = YES;
				CLANG_WARN_ENUM_CONVERSION = YES;
				CLANG_WARN_INFINITE_RECURSION = YES;
				CLANG_WARN_INT_CONVERSION = YES;
				CLANG_WARN_NON_LITERAL_NULL_CONVERSION = YES;
				CLANG_WARN_OBJC_IMPLICIT_RETAIN_SELF = YES;
				CLANG_WARN_OBJC_LITERAL_CONVERSION = YES;
				CLANG_WARN_OBJC_ROOT_CLASS = YES_ERROR;
				CLANG_WARN_RANGE_LOOP_ANALYSIS = YES;
				CLANG_WARN_STRICT_PROTOTYPES = YES;
				CLANG_WARN_SUSPICIOUS_MOVE = YES;
				CLANG_WARN_UNGUARDED_AVAILABILITY = YES_AGGRESSIVE;
				CLANG_WARN_UNREACHABLE_CODE = YES;
				CLANG_WARN__DUPLICATE_METHOD_MATCH = YES;
				CODE_SIGN_IDENTITY = "iPhone Developer";
				COPY_PHASE_STRIP = NO;
				DEBUG_INFORMATION_FORMAT = "dwarf-with-dsym";
				ENABLE_NS_ASSERTIONS = NO;
				ENABLE_STRICT_OBJC_MSGSEND = YES;
				GCC_C_LANGUAGE_STANDARD = gnu11;
				GCC_NO_COMMON_BLOCKS = YES;
				GCC_WARN_64_TO_32_BIT_CONVERSION = YES;
				GCC_WARN_ABOUT_RETURN_TYPE = YES_ERROR;
				GCC_WARN_UNDECLARED_SELECTOR = YES;
				GCC_WARN_UNINITIALIZED_AUTOS = YES_AGGRESSIVE;
				GCC_WARN_UNUSED_FUNCTION = YES;
				GCC_WARN_UNUSED_VARIABLE = YES;
				IPHONEOS_DEPLOYMENT_TARGET = 11.3;
				MTL_ENABLE_DEBUG_INFO = NO;
				SDKROOT = iphoneos;
				SWIFT_COMPILATION_MODE = wholemodule;
				SWIFT_OPTIMIZATION_LEVEL = "-O";
				VALIDATE_PRODUCT = YES;
			};
			name = Release;
		};
		FEA129FE20C8D29E00F4CBF3 /* Debug */ = {
			isa = XCBuildConfiguration;
			baseConfigurationReference = AFC3C74AFB23373C4FD3A205 /* Pods-CodingChallange.debug.xcconfig */;
			buildSettings = {
				ASSETCATALOG_COMPILER_APPICON_NAME = AppIcon;
				CODE_SIGN_STYLE = Automatic;
				INFOPLIST_FILE = CodingChallange/Info.plist;
				LD_RUNPATH_SEARCH_PATHS = "$(inherited) @executable_path/Frameworks";
				PRODUCT_BUNDLE_IDENTIFIER = com.CodingChallange;
				PRODUCT_NAME = "$(TARGET_NAME)";
				SWIFT_VERSION = 4.0;
				TARGETED_DEVICE_FAMILY = "1,2";
			};
			name = Debug;
		};
		FEA129FF20C8D29E00F4CBF3 /* Release */ = {
			isa = XCBuildConfiguration;
			baseConfigurationReference = 20F4F57CC1BECE16E2215FFB /* Pods-CodingChallange.release.xcconfig */;
			buildSettings = {
				ASSETCATALOG_COMPILER_APPICON_NAME = AppIcon;
				CODE_SIGN_STYLE = Automatic;
				INFOPLIST_FILE = CodingChallange/Info.plist;
				LD_RUNPATH_SEARCH_PATHS = "$(inherited) @executable_path/Frameworks";
				PRODUCT_BUNDLE_IDENTIFIER = com.CodingChallange;
				PRODUCT_NAME = "$(TARGET_NAME)";
				SWIFT_VERSION = 4.0;
				TARGETED_DEVICE_FAMILY = "1,2";
			};
			name = Release;
		};
/* End XCBuildConfiguration section */

/* Begin XCConfigurationList section */
		FEA129E620C8D29B00F4CBF3 /* Build configuration list for PBXProject "CodingChallange" */ = {
			isa = XCConfigurationList;
			buildConfigurations = (
				FEA129FB20C8D29E00F4CBF3 /* Debug */,
				FEA129FC20C8D29E00F4CBF3 /* Release */,
			);
			defaultConfigurationIsVisible = 0;
			defaultConfigurationName = Release;
		};
		FEA129FD20C8D29E00F4CBF3 /* Build configuration list for PBXNativeTarget "CodingChallange" */ = {
			isa = XCConfigurationList;
			buildConfigurations = (
				FEA129FE20C8D29E00F4CBF3 /* Debug */,
				FEA129FF20C8D29E00F4CBF3 /* Release */,
			);
			defaultConfigurationIsVisible = 0;
			defaultConfigurationName = Release;
		};
/* End XCConfigurationList section */
	};
	rootObject = FEA129E320C8D29B00F4CBF3 /* Project object */;
}
